// !$*UTF8*$!
{
	archiveVersion = 1;
	classes = {
	};
	objectVersion = 46;
	objects = {

/* Begin PBXBuildFile section */
		322ED45620373B40009DEBDE /* main.m in Sources */ = {isa = PBXBuildFile; fileRef = 322ED45520373B40009DEBDE /* main.m */; };
		322ED45920373B40009DEBDE /* AppDelegate.m in Sources */ = {isa = PBXBuildFile; fileRef = 322ED45820373B40009DEBDE /* AppDelegate.m */; };
		322ED45C20373B40009DEBDE /* ViewController.m in Sources */ = {isa = PBXBuildFile; fileRef = 322ED45B20373B40009DEBDE /* ViewController.m */; };
		322ED45F20373B40009DEBDE /* Main.storyboard in Resources */ = {isa = PBXBuildFile; fileRef = 322ED45D20373B40009DEBDE /* Main.storyboard */; };
		322ED46120373B40009DEBDE /* Assets.xcassets in Resources */ = {isa = PBXBuildFile; fileRef = 322ED46020373B40009DEBDE /* Assets.xcassets */; };
		322ED46420373B40009DEBDE /* LaunchScreen.storyboard in Resources */ = {isa = PBXBuildFile; fileRef = 322ED46220373B40009DEBDE /* LaunchScreen.storyboard */; };
/* End PBXBuildFile section */

/* Begin PBXFileReference section */
		322ED45120373B40009DEBDE /* samplegit.app */ = {isa = PBXFileReference; explicitFileType = wrapper.application; includeInIndex = 0; path = samplegit.app; sourceTree = BUILT_PRODUCTS_DIR; };
		322ED45520373B40009DEBDE /* main.m */ = {isa = PBXFileReference; lastKnownFileType = sourcecode.c.objc; path = main.m; sourceTree = "<group>"; };
		322ED45720373B40009DEBDE /* AppDelegate.h */ = {isa = PBXFileReference; lastKnownFileType = sourcecode.c.h; path = AppDelegate.h; sourceTree = "<group>"; };
		322ED45820373B40009DEBDE /* AppDelegate.m */ = {isa = PBXFileReference; lastKnownFileType = sourcecode.c.objc; path = AppDelegate.m; sourceTree = "<group>"; };
		322ED45A20373B40009DEBDE /* ViewController.h */ = {isa = PBXFileReference; lastKnownFileType = sourcecode.c.h; path = ViewController.h; sourceTree = "<group>"; };
		322ED45B20373B40009DEBDE /* ViewController.m */ = {isa = PBXFileReference; lastKnownFileType = sourcecode.c.objc; path = ViewController.m; sourceTree = "<group>"; };
		322ED45E20373B40009DEBDE /* Base */ = {isa = PBXFileReference; lastKnownFileType = file.storyboard; name = Base; path = Base.lproj/Main.storyboard; sourceTree = "<group>"; };
		322ED46020373B40009DEBDE /* Assets.xcassets */ = {isa = PBXFileReference; lastKnownFileType = folder.assetcatalog; path = Assets.xcassets; sourceTree = "<group>"; };
		322ED46320373B40009DEBDE /* Base */ = {isa = PBXFileReference; lastKnownFileType = file.storyboard; name = Base; path = Base.lproj/LaunchScreen.storyboard; sourceTree = "<group>"; };
		322ED46520373B41009DEBDE /* Info.plist */ = {isa = PBXFileReference; lastKnownFileType = text.plist.xml; path = Info.plist; sourceTree = "<group>"; };
/* End PBXFileReference section */

/* Begin PBXFrameworksBuildPhase section */
		322ED44E20373B40009DEBDE /* Frameworks */ = {
			isa = PBXFrameworksBuildPhase;
			buildActionMask = 2147483647;
			files = (
			);
			runOnlyForDeploymentPostprocessing = 0;
		};
/* End PBXFrameworksBuildPhase section */

/* Begin PBXGroup section */
		322ED44820373B40009DEBDE = {
			isa = PBXGroup;
			children = (
				322ED45320373B40009DEBDE /* samplegit */,
				322ED45220373B40009DEBDE /* Products */,
			);
			sourceTree = "<group>";
		};
		322ED45220373B40009DEBDE /* Products */ = {
			isa = PBXGroup;
			children = (
				322ED45120373B40009DEBDE /* samplegit.app */,
			);
			name = Products;
			sourceTree = "<group>";
		};
		322ED45320373B40009DEBDE /* samplegit */ = {
			isa = PBXGroup;
			children = (
				322ED45720373B40009DEBDE /* AppDelegate.h */,
				322ED45820373B40009DEBDE /* AppDelegate.m */,
				322ED45A20373B40009DEBDE /* ViewController.h */,
				322ED45B20373B40009DEBDE /* ViewController.m */,
				322ED45D20373B40009DEBDE /* Main.storyboard */,
				322ED46020373B40009DEBDE /* Assets.xcassets */,
				322ED46220373B40009DEBDE /* LaunchScreen.storyboard */,
				322ED46520373B41009DEBDE /* Info.plist */,
				322ED45420373B40009DEBDE /* Supporting Files */,
			);
			path = samplegit;
			sourceTree = "<group>";
		};
		322ED45420373B40009DEBDE /* Supporting Files */ = {
			isa = PBXGroup;
			children = (
				322ED45520373B40009DEBDE /* main.m */,
			);
			name = "Supporting Files";
			sourceTree = "<group>";
		};
/* End PBXGroup section */

/* Begin PBXNativeTarget section */
		322ED45020373B40009DEBDE /* samplegit */ = {
			isa = PBXNativeTarget;
			buildConfigurationList = 322ED46820373B41009DEBDE /* Build configuration list for PBXNativeTarget "samplegit" */;
			buildPhases = (
				322ED44D20373B40009DEBDE /* Sources */,
				322ED44E20373B40009DEBDE /* Frameworks */,
				322ED44F20373B40009DEBDE /* Resources */,
			);
			buildRules = (
			);
			dependencies = (
			);
			name = samplegit;
			productName = samplegit;
			productReference = 322ED45120373B40009DEBDE /* samplegit.app */;
			productType = "com.apple.product-type.application";
		};
/* End PBXNativeTarget section */

/* Begin PBXProject section */
		322ED44920373B40009DEBDE /* Project object */ = {
			isa = PBXProject;
			attributes = {
				LastUpgradeCheck = 0810;
				ORGANIZATIONNAME = gopinath;
				TargetAttributes = {
					322ED45020373B40009DEBDE = {
						CreatedOnToolsVersion = 8.1;
						ProvisioningStyle = Automatic;
					};
				};
			};
			buildConfigurationList = 322ED44C20373B40009DEBDE /* Build configuration list for PBXProject "samplegit" */;
			compatibilityVersion = "Xcode 3.2";
			developmentRegion = English;
			hasScannedForEncodings = 0;
			knownRegions = (
				en,
				Base,
			);
			mainGroup = 322ED44820373B40009DEBDE;
			productRefGroup = 322ED45220373B40009DEBDE /* Products */;
			projectDirPath = "";
			projectRoot = "";
			targets = (
				322ED45020373B40009DEBDE /* samplegit */,
			);
		};
/* End PBXProject section */

/* Begin PBXResourcesBuildPhase section */
		322ED44F20373B40009DEBDE /* Resources */ = {
			isa = PBXResourcesBuildPhase;
			buildActionMask = 2147483647;
			files = (
				322ED46420373B40009DEBDE /* LaunchScreen.storyboard in Resources */,
				322ED46120373B40009DEBDE /* Assets.xcassets in Resources */,
				322ED45F20373B40009DEBDE /* Main.storyboard in Resources */,
			);
			runOnlyForDeploymentPostprocessing = 0;
		};
/* End PBXResourcesBuildPhase section */

/* Begin PBXSourcesBuildPhase section */
		322ED44D20373B40009DEBDE /* Sources */ = {
			isa = PBXSourcesBuildPhase;
			buildActionMask = 2147483647;
			files = (
				322ED45C20373B40009DEBDE /* ViewController.m in Sources */,
				322ED45920373B40009DEBDE /* AppDelegate.m in Sources */,
				322ED45620373B40009DEBDE /* main.m in Sources */,
			);
			runOnlyForDeploymentPostprocessing = 0;
		};
/* End PBXSourcesBuildPhase section */

/* Begin PBXVariantGroup section */
		322ED45D20373B40009DEBDE /* Main.storyboard */ = {
			isa = PBXVariantGroup;
			children = (
				322ED45E20373B40009DEBDE /* Base */,
			);
			name = Main.storyboard;
			sourceTree = "<group>";
		};
		322ED46220373B40009DEBDE /* LaunchScreen.storyboard */ = {
			isa = PBXVariantGroup;
			children = (
				322ED46320373B40009DEBDE /* Base */,
			);
			name = LaunchScreen.storyboard;
			sourceTree = "<group>";
		};
/* End PBXVariantGroup section */

/* Begin XCBuildConfiguration section */
		322ED46620373B41009DEBDE /* Debug */ = {
			isa = XCBuildConfiguration;
			buildSettings = {
				ALWAYS_SEARCH_USER_PATHS = NO;
				CLANG_ANALYZER_NONNULL = YES;
				CLANG_CXX_LANGUAGE_STANDARD = "gnu++0x";
				CLANG_CXX_LIBRARY = "libc++";
				CLANG_ENABLE_MODULES = YES;
				CLANG_ENABLE_OBJC_ARC = YES;
				CLANG_WARN_BOOL_CONVERSION = YES;
				CLANG_WARN_CONSTANT_CONVERSION = YES;
				CLANG_WARN_DIRECT_OBJC_ISA_USAGE = YES_ERROR;
				CLANG_WARN_DOCUMENTATION_COMMENTS = YES;
				CLANG_WARN_EMPTY_BODY = YES;
				CLANG_WARN_ENUM_CONVERSION = YES;
				CLANG_WARN_INFINITE_RECURSION = YES;
				CLANG_WARN_INT_CONVERSION = YES;
				CLANG_WARN_OBJC_ROOT_CLASS = YES_ERROR;
				CLANG_WARN_SUSPICIOUS_MOVES = YES;
				CLANG_WARN_UNREACHABLE_CODE = YES;
				CLANG_WARN__DUPLICATE_METHOD_MATCH = YES;
				"CODE_SIGN_IDENTITY[sdk=iphoneos*]" = "iPhone Developer";
				COPY_PHASE_STRIP = NO;
				DEBUG_INFORMATION_FORMAT = dwarf;
				ENABLE_STRICT_OBJC_MSGSEND = YES;
				ENABLE_TESTABILITY = YES;
				GCC_C_LANGUAGE_STANDARD = gnu99;
				GCC_DYNAMIC_NO_PIC = NO;
				GCC_NO_COMMON_BLOCKS = YES;
				GCC_OPTIMIZATION_LEVEL = 0;
				GCC_PREPROCESSOR_DEFINITIONS = (
					"DEBUG=1",
					"$(inherited)",
				);
				GCC_WARN_64_TO_32_BIT_CONVERSION = YES;
				GCC_WARN_ABOUT_RETURN_TYPE = YES_ERROR;
				GCC_WARN_UNDECLARED_SELECTOR = YES;
				GCC_WARN_UNINITIALIZED_AUTOS = YES_AGGRESSIVE;
				GCC_WARN_UNUSED_FUNCTION = YES;
				GCC_WARN_UNUSED_VARIABLE = YES;
				IPHONEOS_DEPLOYMENT_TARGET = 10.1;
				MTL_ENABLE_DEBUG_INFO = YES;
				ONLY_ACTIVE_ARCH = YES;
				SDKROOT = iphoneos;
				TARGETED_DEVICE_FAMILY = "1,2";
			};
			name = Debug;
		};
		322ED46720373B41009DEBDE /* Release */ = {
			isa = XCBuildConfiguration;
			buildSettings = {
				ALWAYS_SEARCH_USER_PATHS = NO;
				CLANG_ANALYZER_NONNULL = YES;
				CLANG_CXX_LANGUAGE_STANDARD = "gnu++0x";
				CLANG_CXX_LIBRARY = "libc++";
				CLANG_ENABLE_MODULES = YES;
				CLANG_ENABLE_OBJC_ARC = YES;
				CLANG_WARN_BOOL_CONVERSION = YES;
				CLANG_WARN_CONSTANT_CONVERSION = YES;
				CLANG_WARN_DIRECT_OBJC_ISA_USAGE = YES_ERROR;
				CLANG_WARN_DOCUMENTATION_COMMENTS = YES;
				CLANG_WARN_EMPTY_BODY = YES;
				CLANG_WARN_ENUM_CONVERSION = YES;
				CLANG_WARN_INFINITE_RECURSION = YES;
				CLANG_WARN_INT_CONVERSION = YES;
				CLANG_WARN_OBJC_ROOT_CLASS = YES_ERROR;
				CLANG_WARN_SUSPICIOUS_MOVES = YES;
				CLANG_WARN_UNREACHABLE_CODE = YES;
				CLANG_WARN__DUPLICATE_METHOD_MATCH = YES;
				"CODE_SIGN_IDENTITY[sdk=iphoneos*]" = "iPhone Developer";
				COPY_PHASE_STRIP = NO;
				DEBUG_INFORMATION_FORMAT = "dwarf-with-dsym";
				ENABLE_NS_ASSERTIONS = NO;
				ENABLE_STRICT_OBJC_MSGSEND = YES;
				GCC_C_LANGUAGE_STANDARD = gnu99;
				GCC_NO_COMMON_BLOCKS = YES;
				GCC_WARN_64_TO_32_BIT_CONVERSION = YES;
				GCC_WARN_ABOUT_RETURN_TYPE = YES_ERROR;
				GCC_WARN_UNDECLARED_SELECTOR = YES;
				GCC_WARN_UNINITIALIZED_AUTOS = YES_AGGRESSIVE;
				GCC_WARN_UNUSED_FUNCTION = YES;
				GCC_WARN_UNUSED_VARIABLE = YES;
				IPHONEOS_DEPLOYMENT_TARGET = 10.1;
				MTL_ENABLE_DEBUG_INFO = NO;
				SDKROOT = iphoneos;
				TARGETED_DEVICE_FAMILY = "1,2";
				VALIDATE_PRODUCT = YES;
			};
			name = Release;
		};
		322ED46920373B41009DEBDE /* Debug */ = {
			isa = XCBuildConfiguration;
			buildSettings = {
				ASSETCATALOG_COMPILER_APPICON_NAME = AppIcon;
				INFOPLIST_FILE = samplegit/Info.plist;
				LD_RUNPATH_SEARCH_PATHS = "$(inherited) @executable_path/Frameworks";
				PRODUCT_BUNDLE_IDENTIFIER = gopinath.samplegit;
				PRODUCT_NAME = "$(TARGET_NAME)";
			};
			name = Debug;
		};
		322ED46A20373B41009DEBDE /* Release */ = {
			isa = XCBuildConfiguration;
			buildSettings = {
				ASSETCATALOG_COMPILER_APPICON_NAME = AppIcon;
				INFOPLIST_FILE = samplegit/Info.plist;
				LD_RUNPATH_SEARCH_PATHS = "$(inherited) @executable_path/Frameworks";
				PRODUCT_BUNDLE_IDENTIFIER = gopinath.samplegit;
				PRODUCT_NAME = "$(TARGET_NAME)";
			};
			name = Release;
		};
/* End XCBuildConfiguration section */

/* Begin XCConfigurationList section */
		322ED44C20373B40009DEBDE /* Build configuration list for PBXProject "samplegit" */ = {
			isa = XCConfigurationList;
			buildConfigurations = (
				322ED46620373B41009DEBDE /* Debug */,
				322ED46720373B41009DEBDE /* Release */,
			);
			defaultConfigurationIsVisible = 0;
			defaultConfigurationName = Release;
		};
		322ED46820373B41009DEBDE /* Build configuration list for PBXNativeTarget "samplegit" */ = {
			isa = XCConfigurationList;
			buildConfigurations = (
				322ED46920373B41009DEBDE /* Debug */,
				322ED46A20373B41009DEBDE /* Release */,
			);
			defaultConfigurationIsVisible = 0;
		};
/* End XCConfigurationList section */
	};
	rootObject = 322ED44920373B40009DEBDE /* Project object */;
}
